
Microsoft Visual Studio Solution File, Format Version 12.00
# Visual Studio 2012
Project("{FAE04EC0-301F-11D3-BF4B-00C04F79EFBC}") = "SoftFirstStep", "SoftFirstStep\SoftFirstStep.csproj", "{CCBDD5D2-4B61-462E-8D0D-848B592A1990}"
EndProject
Project("{FAE04EC0-301F-11D3-BF4B-00C04F79EFBC}") = "Negocio.Entidades", "Negocio.Entidades\Negocio.Entidades.csproj", "{84AE8544-C68D-4CE1-96C1-D183D76FCC65}"
EndProject
Project("{FAE04EC0-301F-11D3-BF4B-00C04F79EFBC}") = "Negocio.Componentes", "Negocio.Componentes\Negocio.Componentes.csproj", "{675FA386-DF96-474A-A66B-D478D883ACE4}"
EndProject
Project("{FAE04EC0-301F-11D3-BF4B-00C04F79EFBC}") = "AccesoDato", "AccesoDato\AccesoDato.csproj", "{8350526D-737D-4313-AFD5-56D73BC44A0B}"
EndProject
Project("{FAE04EC0-301F-11D3-BF4B-00C04F79EFBC}") = "Utilidades", "Utilidades\Utilidades.csproj", "{C36A7D66-B47A-484C-B7A2-722E68E30A2A}"
EndProject
Global
	GlobalSection(SolutionConfigurationPlatforms) = preSolution
		Debug|Any CPU = Debug|Any CPU
		Release|Any CPU = Release|Any CPU
	EndGlobalSection
	GlobalSection(ProjectConfigurationPlatforms) = postSolution
		{CCBDD5D2-4B61-462E-8D0D-848B592A1990}.Debug|Any CPU.ActiveCfg = Debug|Any CPU
		{CCBDD5D2-4B61-462E-8D0D-848B592A1990}.Debug|Any CPU.Build.0 = Debug|Any CPU
		{CCBDD5D2-4B61-462E-8D0D-848B592A1990}.Release|Any CPU.ActiveCfg = Release|Any CPU
		{CCBDD5D2-4B61-462E-8D0D-848B592A1990}.Release|Any CPU.Build.0 = Release|Any CPU
		{84AE8544-C68D-4CE1-96C1-D183D76FCC65}.Debug|Any CPU.ActiveCfg = Debug|Any CPU
		{84AE8544-C68D-4CE1-96C1-D183D76FCC65}.Debug|Any CPU.Build.0 = Debug|Any CPU
		{84AE8544-C68D-4CE1-96C1-D183D76FCC65}.Release|Any CPU.ActiveCfg = Release|Any CPU
		{84AE8544-C68D-4CE1-96C1-D183D76FCC65}.Release|Any CPU.Build.0 = Release|Any CPU
		{675FA386-DF96-474A-A66B-D478D883ACE4}.Debug|Any CPU.ActiveCfg = Debug|Any CPU
		{675FA386-DF96-474A-A66B-D478D883ACE4}.Debug|Any CPU.Build.0 = Debug|Any CPU
		{675FA386-DF96-474A-A66B-D478D883ACE4}.Release|Any CPU.ActiveCfg = Release|Any CPU
		{675FA386-DF96-474A-A66B-D478D883ACE4}.Release|Any CPU.Build.0 = Release|Any CPU
		{8350526D-737D-4313-AFD5-56D73BC44A0B}.Debug|Any CPU.ActiveCfg = Debug|Any CPU
		{8350526D-737D-4313-AFD5-56D73BC44A0B}.Debug|Any CPU.Build.0 = Debug|Any CPU
		{8350526D-737D-4313-AFD5-56D73BC44A0B}.Release|Any CPU.ActiveCfg = Release|Any CPU
		{8350526D-737D-4313-AFD5-56D73BC44A0B}.Release|Any CPU.Build.0 = Release|Any CPU
		{C36A7D66-B47A-484C-B7A2-722E68E30A2A}.Debug|Any CPU.ActiveCfg = Debug|Any CPU
		{C36A7D66-B47A-484C-B7A2-722E68E30A2A}.Debug|Any CPU.Build.0 = Debug|Any CPU
		{C36A7D66-B47A-484C-B7A2-722E68E30A2A}.Release|Any CPU.ActiveCfg = Release|Any CPU
		{C36A7D66-B47A-484C-B7A2-722E68E30A2A}.Release|Any CPU.Build.0 = Release|Any CPU
	EndGlobalSection
	GlobalSection(SolutionProperties) = preSolution
		HideSolutionNode = FALSE
	EndGlobalSection
EndGlobal
